
Microsoft Visual Studio Solution File, Format Version 12.00
# Visual Studio Version 16
VisualStudioVersion = 16.0.31729.503
MinimumVisualStudioVersion = 10.0.40219.1
Project("{FAE04EC0-301F-11D3-BF4B-00C04F79EFBC}") = "BizimMarket_AreaOrnegi", "BizimMarket_AreaOrnegi\BizimMarket_AreaOrnegi.csproj", "{7D17D959-5F22-4412-A906-1A32703105D3}"
EndProject
Global
	GlobalSection(SolutionConfigurationPlatforms) = preSolution
		Debug|Any CPU = Debug|Any CPU
		Release|Any CPU = Release|Any CPU
	EndGlobalSection
	GlobalSection(ProjectConfigurationPlatforms) = postSolution
		{7D17D959-5F22-4412-A906-1A32703105D3}.Debug|Any CPU.ActiveCfg = Debug|Any CPU
		{7D17D959-5F22-4412-A906-1A32703105D3}.Debug|Any CPU.Build.0 = Debug|Any CPU
		{7D17D959-5F22-4412-A906-1A32703105D3}.Release|Any CPU.ActiveCfg = Release|Any CPU
		{7D17D959-5F22-4412-A906-1A32703105D3}.Release|Any CPU.Build.0 = Release|Any CPU
	EndGlobalSection
	GlobalSection(SolutionProperties) = preSolution
		HideSolutionNode = FALSE
	EndGlobalSection
	GlobalSection(ExtensibilityGlobals) = postSolution
		SolutionGuid = {DC600EBA-B886-4B0B-97FD-ECC119787CED}
	EndGlobalSection
EndGlobal
